
Microsoft Visual Studio Solution File, Format Version 12.00
# Visual Studio Version 17
VisualStudioVersion = 17.3.32611.2
MinimumVisualStudioVersion = 10.0.40219.1
Project("{2150E333-8FDC-42A3-9474-1A3956D46DE8}") = "1. Enterprise Business Rules", "1. Enterprise Business Rules", "{9306607B-BB00-4BDD-BE1B-FC02C1881BDE}"
EndProject
Project("{2150E333-8FDC-42A3-9474-1A3956D46DE8}") = "2. Application Business Rules", "2. Application Business Rules", "{4F119E3A-1268-4D48-B550-9C22D42F6147}"
EndProject
Project("{2150E333-8FDC-42A3-9474-1A3956D46DE8}") = "3. Interface Adapters", "3. Interface Adapters", "{32CBFAFC-2013-476A-AF55-46FB889111AE}"
EndProject
Project("{2150E333-8FDC-42A3-9474-1A3956D46DE8}") = "4. Frameworks And Drivers", "4. Frameworks And Drivers", "{09CBB2D1-9712-40ED-BA91-01F185FCD1FB}"
EndProject
Project("{9A19103F-16F7-4668-BE54-9A1E7A4F7556}") = "NorthWind.Entities", "NorthWind.Entities\NorthWind.Entities.csproj", "{3978DCEB-9B5A-4613-8CF2-18DD933413E0}"
EndProject
Project("{9A19103F-16F7-4668-BE54-9A1E7A4F7556}") = "NorthWind.Sales.BusinessObjects", "NorthWind.Sales.BusinessObjects\NorthWind.Sales.BusinessObjects.csproj", "{3D45044F-53A6-40B5-A35D-0BEBE9166E16}"
EndProject
Project("{9A19103F-16F7-4668-BE54-9A1E7A4F7556}") = "NorthWind.Sales.UseCases", "NorthWind.Sales.UseCases\NorthWind.Sales.UseCases.csproj", "{257CCD66-3D6E-45C8-84C8-9E43F641FE41}"
EndProject
Project("{2150E333-8FDC-42A3-9474-1A3956D46DE8}") = "Gateways", "Gateways", "{A644E467-EC7E-49B9-978D-BAF32D9F5937}"
EndProject
Project("{2150E333-8FDC-42A3-9474-1A3956D46DE8}") = "Repositories", "Repositories", "{7BB98256-7D9A-476C-B131-A119676C9A80}"
EndProject
Project("{9A19103F-16F7-4668-BE54-9A1E7A4F7556}") = "NorthWind.EFCore.Repositories", "NorthWind.EFCore.Repositories\NorthWind.EFCore.Repositories.csproj", "{B63FE357-ED97-4E59-9FBC-FF51094C8951}"
EndProject
Project("{2150E333-8FDC-42A3-9474-1A3956D46DE8}") = "Presenters", "Presenters", "{4A6875B2-361A-410F-AAA7-C836DDD1D164}"
EndProject
Project("{9A19103F-16F7-4668-BE54-9A1E7A4F7556}") = "NorthWind.Sales.Presenters", "NorthWind.Sales.Presenters\NorthWind.Sales.Presenters.csproj", "{CF28903C-6E4D-4923-BD34-7824493CBDDC}"
EndProject
Project("{2150E333-8FDC-42A3-9474-1A3956D46DE8}") = "Controllers", "Controllers", "{3AAEFD1A-89CA-41C1-8733-773A8DAC0CF1}"
EndProject
Project("{9A19103F-16F7-4668-BE54-9A1E7A4F7556}") = "NorthWind.Sales.Controllers", "NorthWind.Sales.Controllers\NorthWind.Sales.Controllers.csproj", "{DFD78B3D-86F2-49E0-942A-A1140397A664}"
EndProject
Project("{9A19103F-16F7-4668-BE54-9A1E7A4F7556}") = "NorthWind.Sales.IoC", "NorthWind.Sales.IoC\NorthWind.Sales.IoC.csproj", "{B5910F94-FBB7-45FD-8906-1CF326ADCB5E}"
EndProject
Project("{2150E333-8FDC-42A3-9474-1A3956D46DE8}") = "UIs", "UIs", "{1F6F5670-CC8D-45EF-8BBD-2541EAF047F1}"
EndProject
Project("{FAE04EC0-301F-11D3-BF4B-00C04F79EFBC}") = "NorthWind.Sales.WebApi", "NorthWind.Sales.WebApi\NorthWind.Sales.WebApi.csproj", "{45E0AA90-5ADA-4F2F-8203-126E94B89001}"
EndProject
Global
	GlobalSection(SolutionConfigurationPlatforms) = preSolution
		Debug|Any CPU = Debug|Any CPU
		Release|Any CPU = Release|Any CPU
	EndGlobalSection
	GlobalSection(ProjectConfigurationPlatforms) = postSolution
		{3978DCEB-9B5A-4613-8CF2-18DD933413E0}.Debug|Any CPU.ActiveCfg = Debug|Any CPU
		{3978DCEB-9B5A-4613-8CF2-18DD933413E0}.Debug|Any CPU.Build.0 = Debug|Any CPU
		{3978DCEB-9B5A-4613-8CF2-18DD933413E0}.Release|Any CPU.ActiveCfg = Release|Any CPU
		{3978DCEB-9B5A-4613-8CF2-18DD933413E0}.Release|Any CPU.Build.0 = Release|Any CPU
		{3D45044F-53A6-40B5-A35D-0BEBE9166E16}.Debug|Any CPU.ActiveCfg = Debug|Any CPU
		{3D45044F-53A6-40B5-A35D-0BEBE9166E16}.Debug|Any CPU.Build.0 = Debug|Any CPU
		{3D45044F-53A6-40B5-A35D-0BEBE9166E16}.Release|Any CPU.ActiveCfg = Release|Any CPU
		{3D45044F-53A6-40B5-A35D-0BEBE9166E16}.Release|Any CPU.Build.0 = Release|Any CPU
		{257CCD66-3D6E-45C8-84C8-9E43F641FE41}.Debug|Any CPU.ActiveCfg = Debug|Any CPU
		{257CCD66-3D6E-45C8-84C8-9E43F641FE41}.Debug|Any CPU.Build.0 = Debug|Any CPU
		{257CCD66-3D6E-45C8-84C8-9E43F641FE41}.Release|Any CPU.ActiveCfg = Release|Any CPU
		{257CCD66-3D6E-45C8-84C8-9E43F641FE41}.Release|Any CPU.Build.0 = Release|Any CPU
		{B63FE357-ED97-4E59-9FBC-FF51094C8951}.Debug|Any CPU.ActiveCfg = Debug|Any CPU
		{B63FE357-ED97-4E59-9FBC-FF51094C8951}.Debug|Any CPU.Build.0 = Debug|Any CPU
		{B63FE357-ED97-4E59-9FBC-FF51094C8951}.Release|Any CPU.ActiveCfg = Release|Any CPU
		{B63FE357-ED97-4E59-9FBC-FF51094C8951}.Release|Any CPU.Build.0 = Release|Any CPU
		{CF28903C-6E4D-4923-BD34-7824493CBDDC}.Debug|Any CPU.ActiveCfg = Debug|Any CPU
		{CF28903C-6E4D-4923-BD34-7824493CBDDC}.Debug|Any CPU.Build.0 = Debug|Any CPU
		{CF28903C-6E4D-4923-BD34-7824493CBDDC}.Release|Any CPU.ActiveCfg = Release|Any CPU
		{CF28903C-6E4D-4923-BD34-7824493CBDDC}.Release|Any CPU.Build.0 = Release|Any CPU
		{DFD78B3D-86F2-49E0-942A-A1140397A664}.Debug|Any CPU.ActiveCfg = Debug|Any CPU
		{DFD78B3D-86F2-49E0-942A-A1140397A664}.Debug|Any CPU.Build.0 = Debug|Any CPU
		{DFD78B3D-86F2-49E0-942A-A1140397A664}.Release|Any CPU.ActiveCfg = Release|Any CPU
		{DFD78B3D-86F2-49E0-942A-A1140397A664}.Release|Any CPU.Build.0 = Release|Any CPU
		{B5910F94-FBB7-45FD-8906-1CF326ADCB5E}.Debug|Any CPU.ActiveCfg = Debug|Any CPU
		{B5910F94-FBB7-45FD-8906-1CF326ADCB5E}.Debug|Any CPU.Build.0 = Debug|Any CPU
		{B5910F94-FBB7-45FD-8906-1CF326ADCB5E}.Release|Any CPU.ActiveCfg = Release|Any CPU
		{B5910F94-FBB7-45FD-8906-1CF326ADCB5E}.Release|Any CPU.Build.0 = Release|Any CPU
		{45E0AA90-5ADA-4F2F-8203-126E94B89001}.Debug|Any CPU.ActiveCfg = Debug|Any CPU
		{45E0AA90-5ADA-4F2F-8203-126E94B89001}.Debug|Any CPU.Build.0 = Debug|Any CPU
		{45E0AA90-5ADA-4F2F-8203-126E94B89001}.Release|Any CPU.ActiveCfg = Release|Any CPU
		{45E0AA90-5ADA-4F2F-8203-126E94B89001}.Release|Any CPU.Build.0 = Release|Any CPU
	EndGlobalSection
	GlobalSection(SolutionProperties) = preSolution
		HideSolutionNode = FALSE
	EndGlobalSection
	GlobalSection(NestedProjects) = preSolution
		{3978DCEB-9B5A-4613-8CF2-18DD933413E0} = {9306607B-BB00-4BDD-BE1B-FC02C1881BDE}
		{3D45044F-53A6-40B5-A35D-0BEBE9166E16} = {4F119E3A-1268-4D48-B550-9C22D42F6147}
		{257CCD66-3D6E-45C8-84C8-9E43F641FE41} = {4F119E3A-1268-4D48-B550-9C22D42F6147}
		{A644E467-EC7E-49B9-978D-BAF32D9F5937} = {32CBFAFC-2013-476A-AF55-46FB889111AE}
		{7BB98256-7D9A-476C-B131-A119676C9A80} = {A644E467-EC7E-49B9-978D-BAF32D9F5937}
		{B63FE357-ED97-4E59-9FBC-FF51094C8951} = {7BB98256-7D9A-476C-B131-A119676C9A80}
		{4A6875B2-361A-410F-AAA7-C836DDD1D164} = {32CBFAFC-2013-476A-AF55-46FB889111AE}
		{CF28903C-6E4D-4923-BD34-7824493CBDDC} = {4A6875B2-361A-410F-AAA7-C836DDD1D164}
		{3AAEFD1A-89CA-41C1-8733-773A8DAC0CF1} = {32CBFAFC-2013-476A-AF55-46FB889111AE}
		{DFD78B3D-86F2-49E0-942A-A1140397A664} = {3AAEFD1A-89CA-41C1-8733-773A8DAC0CF1}
		{B5910F94-FBB7-45FD-8906-1CF326ADCB5E} = {32CBFAFC-2013-476A-AF55-46FB889111AE}
		{1F6F5670-CC8D-45EF-8BBD-2541EAF047F1} = {09CBB2D1-9712-40ED-BA91-01F185FCD1FB}
		{45E0AA90-5ADA-4F2F-8203-126E94B89001} = {1F6F5670-CC8D-45EF-8BBD-2541EAF047F1}
	EndGlobalSection
	GlobalSection(ExtensibilityGlobals) = postSolution
		SolutionGuid = {2F1E32F3-D9A6-4E05-9577-D56E6CDE59A5}
	EndGlobalSection
EndGlobal
